// !$*UTF8*$!
{
	archiveVersion = 1;
	classes = {
	};
	objectVersion = 55;
	objects = {

/* Begin PBXBuildFile section */
		B37E153D27AD8B4300FC8A79 /* AppDelegate.swift in Sources */ = {isa = PBXBuildFile; fileRef = B37E153C27AD8B4300FC8A79 /* AppDelegate.swift */; };
		B37E153F27AD8B4300FC8A79 /* SceneDelegate.swift in Sources */ = {isa = PBXBuildFile; fileRef = B37E153E27AD8B4300FC8A79 /* SceneDelegate.swift */; };
		B37E154127AD8B4300FC8A79 /* ViewController.swift in Sources */ = {isa = PBXBuildFile; fileRef = B37E154027AD8B4300FC8A79 /* ViewController.swift */; };
		B37E154427AD8B4300FC8A79 /* Main.storyboard in Resources */ = {isa = PBXBuildFile; fileRef = B37E154227AD8B4300FC8A79 /* Main.storyboard */; };
		B37E154627AD8B4500FC8A79 /* Assets.xcassets in Resources */ = {isa = PBXBuildFile; fileRef = B37E154527AD8B4500FC8A79 /* Assets.xcassets */; };
		B37E154927AD8B4500FC8A79 /* LaunchScreen.storyboard in Resources */ = {isa = PBXBuildFile; fileRef = B37E154727AD8B4500FC8A79 /* LaunchScreen.storyboard */; };
		B37E155427AD8B4500FC8A79 /* Prework1Tests.swift in Sources */ = {isa = PBXBuildFile; fileRef = B37E155327AD8B4500FC8A79 /* Prework1Tests.swift */; };
		B37E155E27AD8B4500FC8A79 /* Prework1UITests.swift in Sources */ = {isa = PBXBuildFile; fileRef = B37E155D27AD8B4500FC8A79 /* Prework1UITests.swift */; };
		B37E156027AD8B4500FC8A79 /* Prework1UITestsLaunchTests.swift in Sources */ = {isa = PBXBuildFile; fileRef = B37E155F27AD8B4500FC8A79 /* Prework1UITestsLaunchTests.swift */; };
/* End PBXBuildFile section */

/* Begin PBXContainerItemProxy section */
		B37E155027AD8B4500FC8A79 /* PBXContainerItemProxy */ = {
			isa = PBXContainerItemProxy;
			containerPortal = B37E153127AD8B4300FC8A79 /* Project object */;
			proxyType = 1;
			remoteGlobalIDString = B37E153827AD8B4300FC8A79;
			remoteInfo = Prework1;
		};
		B37E155A27AD8B4500FC8A79 /* PBXContainerItemProxy */ = {
			isa = PBXContainerItemProxy;
			containerPortal = B37E153127AD8B4300FC8A79 /* Project object */;
			proxyType = 1;
			remoteGlobalIDString = B37E153827AD8B4300FC8A79;
			remoteInfo = Prework1;
		};
/* End PBXContainerItemProxy section */

/* Begin PBXFileReference section */
		B37E153927AD8B4300FC8A79 /* Prework1.app */ = {isa = PBXFileReference; explicitFileType = wrapper.application; includeInIndex = 0; path = Prework1.app; sourceTree = BUILT_PRODUCTS_DIR; };
		B37E153C27AD8B4300FC8A79 /* AppDelegate.swift */ = {isa = PBXFileReference; lastKnownFileType = sourcecode.swift; path = AppDelegate.swift; sourceTree = "<group>"; };
		B37E153E27AD8B4300FC8A79 /* SceneDelegate.swift */ = {isa = PBXFileReference; lastKnownFileType = sourcecode.swift; path = SceneDelegate.swift; sourceTree = "<group>"; };
		B37E154027AD8B4300FC8A79 /* ViewController.swift */ = {isa = PBXFileReference; lastKnownFileType = sourcecode.swift; path = ViewController.swift; sourceTree = "<group>"; };
		B37E154327AD8B4300FC8A79 /* Base */ = {isa = PBXFileReference; lastKnownFileType = file.storyboard; name = Base; path = Base.lproj/Main.storyboard; sourceTree = "<group>"; };
		B37E154527AD8B4500FC8A79 /* Assets.xcassets */ = {isa = PBXFileReference; lastKnownFileType = folder.assetcatalog; path = Assets.xcassets; sourceTree = "<group>"; };
		B37E154827AD8B4500FC8A79 /* Base */ = {isa = PBXFileReference; lastKnownFileType = file.storyboard; name = Base; path = Base.lproj/LaunchScreen.storyboard; sourceTree = "<group>"; };
		B37E154A27AD8B4500FC8A79 /* Info.plist */ = {isa = PBXFileReference; lastKnownFileType = text.plist.xml; path = Info.plist; sourceTree = "<group>"; };
		B37E154F27AD8B4500FC8A79 /* Prework1Tests.xctest */ = {isa = PBXFileReference; explicitFileType = wrapper.cfbundle; includeInIndex = 0; path = Prework1Tests.xctest; sourceTree = BUILT_PRODUCTS_DIR; };
		B37E155327AD8B4500FC8A79 /* Prework1Tests.swift */ = {isa = PBXFileReference; lastKnownFileType = sourcecode.swift; path = Prework1Tests.swift; sourceTree = "<group>"; };
		B37E155927AD8B4500FC8A79 /* Prework1UITests.xctest */ = {isa = PBXFileReference; explicitFileType = wrapper.cfbundle; includeInIndex = 0; path = Prework1UITests.xctest; sourceTree = BUILT_PRODUCTS_DIR; };
		B37E155D27AD8B4500FC8A79 /* Prework1UITests.swift */ = {isa = PBXFileReference; lastKnownFileType = sourcecode.swift; path = Prework1UITests.swift; sourceTree = "<group>"; };
		B37E155F27AD8B4500FC8A79 /* Prework1UITestsLaunchTests.swift */ = {isa = PBXFileReference; lastKnownFileType = sourcecode.swift; path = Prework1UITestsLaunchTests.swift; sourceTree = "<group>"; };
/* End PBXFileReference section */

/* Begin PBXFrameworksBuildPhase section */
		B37E153627AD8B4300FC8A79 /* Frameworks */ = {
			isa = PBXFrameworksBuildPhase;
			buildActionMask = 2147483647;
			files = (
			);
			runOnlyForDeploymentPostprocessing = 0;
		};
		B37E154C27AD8B4500FC8A79 /* Frameworks */ = {
			isa = PBXFrameworksBuildPhase;
			buildActionMask = 2147483647;
			files = (
			);
			runOnlyForDeploymentPostprocessing = 0;
		};
		B37E155627AD8B4500FC8A79 /* Frameworks */ = {
			isa = PBXFrameworksBuildPhase;
			buildActionMask = 2147483647;
			files = (
			);
			runOnlyForDeploymentPostprocessing = 0;
		};
/* End PBXFrameworksBuildPhase section */

/* Begin PBXGroup section */
		B37E153027AD8B4300FC8A79 = {
			isa = PBXGroup;
			children = (
				B37E153B27AD8B4300FC8A79 /* Prework1 */,
				B37E155227AD8B4500FC8A79 /* Prework1Tests */,
				B37E155C27AD8B4500FC8A79 /* Prework1UITests */,
				B37E153A27AD8B4300FC8A79 /* Products */,
			);
			sourceTree = "<group>";
		};
		B37E153A27AD8B4300FC8A79 /* Products */ = {
			isa = PBXGroup;
			children = (
				B37E153927AD8B4300FC8A79 /* Prework1.app */,
				B37E154F27AD8B4500FC8A79 /* Prework1Tests.xctest */,
				B37E155927AD8B4500FC8A79 /* Prework1UITests.xctest */,
			);
			name = Products;
			sourceTree = "<group>";
		};
		B37E153B27AD8B4300FC8A79 /* Prework1 */ = {
			isa = PBXGroup;
			children = (
				B37E153C27AD8B4300FC8A79 /* AppDelegate.swift */,
				B37E153E27AD8B4300FC8A79 /* SceneDelegate.swift */,
				B37E154027AD8B4300FC8A79 /* ViewController.swift */,
				B37E154227AD8B4300FC8A79 /* Main.storyboard */,
				B37E154527AD8B4500FC8A79 /* Assets.xcassets */,
				B37E154727AD8B4500FC8A79 /* LaunchScreen.storyboard */,
				B37E154A27AD8B4500FC8A79 /* Info.plist */,
			);
			path = Prework1;
			sourceTree = "<group>";
		};
		B37E155227AD8B4500FC8A79 /* Prework1Tests */ = {
			isa = PBXGroup;
			children = (
				B37E155327AD8B4500FC8A79 /* Prework1Tests.swift */,
			);
			path = Prework1Tests;
			sourceTree = "<group>";
		};
		B37E155C27AD8B4500FC8A79 /* Prework1UITests */ = {
			isa = PBXGroup;
			children = (
				B37E155D27AD8B4500FC8A79 /* Prework1UITests.swift */,
				B37E155F27AD8B4500FC8A79 /* Prework1UITestsLaunchTests.swift */,
			);
			path = Prework1UITests;
			sourceTree = "<group>";
		};
/* End PBXGroup section */

/* Begin PBXNativeTarget section */
		B37E153827AD8B4300FC8A79 /* Prework1 */ = {
			isa = PBXNativeTarget;
			buildConfigurationList = B37E156327AD8B4500FC8A79 /* Build configuration list for PBXNativeTarget "Prework1" */;
			buildPhases = (
				B37E153527AD8B4300FC8A79 /* Sources */,
				B37E153627AD8B4300FC8A79 /* Frameworks */,
				B37E153727AD8B4300FC8A79 /* Resources */,
			);
			buildRules = (
			);
			dependencies = (
			);
			name = Prework1;
			productName = Prework1;
			productReference = B37E153927AD8B4300FC8A79 /* Prework1.app */;
			productType = "com.apple.product-type.application";
		};
		B37E154E27AD8B4500FC8A79 /* Prework1Tests */ = {
			isa = PBXNativeTarget;
			buildConfigurationList = B37E156627AD8B4500FC8A79 /* Build configuration list for PBXNativeTarget "Prework1Tests" */;
			buildPhases = (
				B37E154B27AD8B4500FC8A79 /* Sources */,
				B37E154C27AD8B4500FC8A79 /* Frameworks */,
				B37E154D27AD8B4500FC8A79 /* Resources */,
			);
			buildRules = (
			);
			dependencies = (
				B37E155127AD8B4500FC8A79 /* PBXTargetDependency */,
			);
			name = Prework1Tests;
			productName = Prework1Tests;
			productReference = B37E154F27AD8B4500FC8A79 /* Prework1Tests.xctest */;
			productType = "com.apple.product-type.bundle.unit-test";
		};
		B37E155827AD8B4500FC8A79 /* Prework1UITests */ = {
			isa = PBXNativeTarget;
			buildConfigurationList = B37E156927AD8B4500FC8A79 /* Build configuration list for PBXNativeTarget "Prework1UITests" */;
			buildPhases = (
				B37E155527AD8B4500FC8A79 /* Sources */,
				B37E155627AD8B4500FC8A79 /* Frameworks */,
				B37E155727AD8B4500FC8A79 /* Resources */,
			);
			buildRules = (
			);
			dependencies = (
				B37E155B27AD8B4500FC8A79 /* PBXTargetDependency */,
			);
			name = Prework1UITests;
			productName = Prework1UITests;
			productReference = B37E155927AD8B4500FC8A79 /* Prework1UITests.xctest */;
			productType = "com.apple.product-type.bundle.ui-testing";
		};
/* End PBXNativeTarget section */

/* Begin PBXProject section */
		B37E153127AD8B4300FC8A79 /* Project object */ = {
			isa = PBXProject;
			attributes = {
				BuildIndependentTargetsInParallel = 1;
				LastSwiftUpdateCheck = 1320;
				LastUpgradeCheck = 1320;
				TargetAttributes = {
					B37E153827AD8B4300FC8A79 = {
						CreatedOnToolsVersion = 13.2.1;
					};
					B37E154E27AD8B4500FC8A79 = {
						CreatedOnToolsVersion = 13.2.1;
						TestTargetID = B37E153827AD8B4300FC8A79;
					};
					B37E155827AD8B4500FC8A79 = {
						CreatedOnToolsVersion = 13.2.1;
						TestTargetID = B37E153827AD8B4300FC8A79;
					};
				};
			};
			buildConfigurationList = B37E153427AD8B4300FC8A79 /* Build configuration list for PBXProject "Prework1" */;
			compatibilityVersion = "Xcode 13.0";
			developmentRegion = en;
			hasScannedForEncodings = 0;
			knownRegions = (
				en,
				Base,
			);
			mainGroup = B37E153027AD8B4300FC8A79;
			productRefGroup = B37E153A27AD8B4300FC8A79 /* Products */;
			projectDirPath = "";
			projectRoot = "";
			targets = (
				B37E153827AD8B4300FC8A79 /* Prework1 */,
				B37E154E27AD8B4500FC8A79 /* Prework1Tests */,
				B37E155827AD8B4500FC8A79 /* Prework1UITests */,
			);
		};
/* End PBXProject section */

/* Begin PBXResourcesBuildPhase section */
		B37E153727AD8B4300FC8A79 /* Resources */ = {
			isa = PBXResourcesBuildPhase;
			buildActionMask = 2147483647;
			files = (
				B37E154927AD8B4500FC8A79 /* LaunchScreen.storyboard in Resources */,
				B37E154627AD8B4500FC8A79 /* Assets.xcassets in Resources */,
				B37E154427AD8B4300FC8A79 /* Main.storyboard in Resources */,
			);
			runOnlyForDeploymentPostprocessing = 0;
		};
		B37E154D27AD8B4500FC8A79 /* Resources */ = {
			isa = PBXResourcesBuildPhase;
			buildActionMask = 2147483647;
			files = (
			);
			runOnlyForDeploymentPostprocessing = 0;
		};
		B37E155727AD8B4500FC8A79 /* Resources */ = {
			isa = PBXResourcesBuildPhase;
			buildActionMask = 2147483647;
			files = (
			);
			runOnlyForDeploymentPostprocessing = 0;
		};
/* End PBXResourcesBuildPhase section */

/* Begin PBXSourcesBuildPhase section */
		B37E153527AD8B4300FC8A79 /* Sources */ = {
			isa = PBXSourcesBuildPhase;
			buildActionMask = 2147483647;
			files = (
				B37E154127AD8B4300FC8A79 /* ViewController.swift in Sources */,
				B37E153D27AD8B4300FC8A79 /* AppDelegate.swift in Sources */,
				B37E153F27AD8B4300FC8A79 /* SceneDelegate.swift in Sources */,
			);
			runOnlyForDeploymentPostprocessing = 0;
		};
		B37E154B27AD8B4500FC8A79 /* Sources */ = {
			isa = PBXSourcesBuildPhase;
			buildActionMask = 2147483647;
			files = (
				B37E155427AD8B4500FC8A79 /* Prework1Tests.swift in Sources */,
			);
			runOnlyForDeploymentPostprocessing = 0;
		};
		B37E155527AD8B4500FC8A79 /* Sources */ = {
			isa = PBXSourcesBuildPhase;
			buildActionMask = 2147483647;
			files = (
				B37E156027AD8B4500FC8A79 /* Prework1UITestsLaunchTests.swift in Sources */,
				B37E155E27AD8B4500FC8A79 /* Prework1UITests.swift in Sources */,
			);
			runOnlyForDeploymentPostprocessing = 0;
		};
/* End PBXSourcesBuildPhase section */

/* Begin PBXTargetDependency section */
		B37E155127AD8B4500FC8A79 /* PBXTargetDependency */ = {
			isa = PBXTargetDependency;
			target = B37E153827AD8B4300FC8A79 /* Prework1 */;
			targetProxy = B37E155027AD8B4500FC8A79 /* PBXContainerItemProxy */;
		};
		B37E155B27AD8B4500FC8A79 /* PBXTargetDependency */ = {
			isa = PBXTargetDependency;
			target = B37E153827AD8B4300FC8A79 /* Prework1 */;
			targetProxy = B37E155A27AD8B4500FC8A79 /* PBXContainerItemProxy */;
		};
/* End PBXTargetDependency section */

/* Begin PBXVariantGroup section */
		B37E154227AD8B4300FC8A79 /* Main.storyboard */ = {
			isa = PBXVariantGroup;
			children = (
				B37E154327AD8B4300FC8A79 /* Base */,
			);
			name = Main.storyboard;
			sourceTree = "<group>";
		};
		B37E154727AD8B4500FC8A79 /* LaunchScreen.storyboard */ = {
			isa = PBXVariantGroup;
			children = (
				B37E154827AD8B4500FC8A79 /* Base */,
			);
			name = LaunchScreen.storyboard;
			sourceTree = "<group>";
		};
/* End PBXVariantGroup section */

/* Begin XCBuildConfiguration section */
		B37E156127AD8B4500FC8A79 /* Debug */ = {
			isa = XCBuildConfiguration;
			buildSettings = {
				ALWAYS_SEARCH_USER_PATHS = NO;
				CLANG_ANALYZER_NONNULL = YES;
				CLANG_ANALYZER_NUMBER_OBJECT_CONVERSION = YES_AGGRESSIVE;
				CLANG_CXX_LANGUAGE_STANDARD = "gnu++17";
				CLANG_CXX_LIBRARY = "libc++";
				CLANG_ENABLE_MODULES = YES;
				CLANG_ENABLE_OBJC_ARC = YES;
				CLANG_ENABLE_OBJC_WEAK = YES;
				CLANG_WARN_BLOCK_CAPTURE_AUTORELEASING = YES;
				CLANG_WARN_BOOL_CONVERSION = YES;
				CLANG_WARN_COMMA = YES;
				CLANG_WARN_CONSTANT_CONVERSION = YES;
				CLANG_WARN_DEPRECATED_OBJC_IMPLEMENTATIONS = YES;
				CLANG_WARN_DIRECT_OBJC_ISA_USAGE = YES_ERROR;
				CLANG_WARN_DOCUMENTATION_COMMENTS = YES;
				CLANG_WARN_EMPTY_BODY = YES;
				CLANG_WARN_ENUM_CONVERSION = YES;
				CLANG_WARN_INFINITE_RECURSION = YES;
				CLANG_WARN_INT_CONVERSION = YES;
				CLANG_WARN_NON_LITERAL_NULL_CONVERSION = YES;
				CLANG_WARN_OBJC_IMPLICIT_RETAIN_SELF = YES;
				CLANG_WARN_OBJC_LITERAL_CONVERSION = YES;
				CLANG_WARN_OBJC_ROOT_CLASS = YES_ERROR;
				CLANG_WARN_QUOTED_INCLUDE_IN_FRAMEWORK_HEADER = YES;
				CLANG_WARN_RANGE_LOOP_ANALYSIS = YES;
				CLANG_WARN_STRICT_PROTOTYPES = YES;
				CLANG_WARN_SUSPICIOUS_MOVE = YES;
				CLANG_WARN_UNGUARDED_AVAILABILITY = YES_AGGRESSIVE;
				CLANG_WARN_UNREACHABLE_CODE = YES;
				CLANG_WARN__DUPLICATE_METHOD_MATCH = YES;
				COPY_PHASE_STRIP = NO;
				DEBUG_INFORMATION_FORMAT = dwarf;
				ENABLE_STRICT_OBJC_MSGSEND = YES;
				ENABLE_TESTABILITY = YES;
				GCC_C_LANGUAGE_STANDARD = gnu11;
				GCC_DYNAMIC_NO_PIC = NO;
				GCC_NO_COMMON_BLOCKS = YES;
				GCC_OPTIMIZATION_LEVEL = 0;
				GCC_PREPROCESSOR_DEFINITIONS = (
					"DEBUG=1",
					"$(inherited)",
				);
				GCC_WARN_64_TO_32_BIT_CONVERSION = YES;
				GCC_WARN_ABOUT_RETURN_TYPE = YES_ERROR;
				GCC_WARN_UNDECLARED_SELECTOR = YES;
				GCC_WARN_UNINITIALIZED_AUTOS = YES_AGGRESSIVE;
				GCC_WARN_UNUSED_FUNCTION = YES;
				GCC_WARN_UNUSED_VARIABLE = YES;
				IPHONEOS_DEPLOYMENT_TARGET = 15.2;
				MTL_ENABLE_DEBUG_INFO = INCLUDE_SOURCE;
				MTL_FAST_MATH = YES;
				ONLY_ACTIVE_ARCH = YES;
				SDKROOT = iphoneos;
				SWIFT_ACTIVE_COMPILATION_CONDITIONS = DEBUG;
				SWIFT_OPTIMIZATION_LEVEL = "-Onone";
			};
			name = Debug;
		};
		B37E156227AD8B4500FC8A79 /* Release */ = {
			isa = XCBuildConfiguration;
			buildSettings = {
				ALWAYS_SEARCH_USER_PATHS = NO;
				CLANG_ANALYZER_NONNULL = YES;
				CLANG_ANALYZER_NUMBER_OBJECT_CONVERSION = YES_AGGRESSIVE;
				CLANG_CXX_LANGUAGE_STANDARD = "gnu++17";
				CLANG_CXX_LIBRARY = "libc++";
				CLANG_ENABLE_MODULES = YES;
				CLANG_ENABLE_OBJC_ARC = YES;
				CLANG_ENABLE_OBJC_WEAK = YES;
				CLANG_WARN_BLOCK_CAPTURE_AUTORELEASING = YES;
				CLANG_WARN_BOOL_CONVERSION = YES;
				CLANG_WARN_COMMA = YES;
				CLANG_WARN_CONSTANT_CONVERSION = YES;
				CLANG_WARN_DEPRECATED_OBJC_IMPLEMENTATIONS = YES;
				CLANG_WARN_DIRECT_OBJC_ISA_USAGE = YES_ERROR;
				CLANG_WARN_DOCUMENTATION_COMMENTS = YES;
				CLANG_WARN_EMPTY_BODY = YES;
				CLANG_WARN_ENUM_CONVERSION = YES;
				CLANG_WARN_INFINITE_RECURSION = YES;
				CLANG_WARN_INT_CONVERSION = YES;
				CLANG_WARN_NON_LITERAL_NULL_CONVERSION = YES;
				CLANG_WARN_OBJC_IMPLICIT_RETAIN_SELF = YES;
				CLANG_WARN_OBJC_LITERAL_CONVERSION = YES;
				CLANG_WARN_OBJC_ROOT_CLASS = YES_ERROR;
				CLANG_WARN_QUOTED_INCLUDE_IN_FRAMEWORK_HEADER = YES;
				CLANG_WARN_RANGE_LOOP_ANALYSIS = YES;
				CLANG_WARN_STRICT_PROTOTYPES = YES;
				CLANG_WARN_SUSPICIOUS_MOVE = YES;
				CLANG_WARN_UNGUARDED_AVAILABILITY = YES_AGGRESSIVE;
				CLANG_WARN_UNREACHABLE_CODE = YES;
				CLANG_WARN__DUPLICATE_METHOD_MATCH = YES;
				COPY_PHASE_STRIP = NO;
				DEBUG_INFORMATION_FORMAT = "dwarf-with-dsym";
				ENABLE_NS_ASSERTIONS = NO;
				ENABLE_STRICT_OBJC_MSGSEND = YES;
				GCC_C_LANGUAGE_STANDARD = gnu11;
				GCC_NO_COMMON_BLOCKS = YES;
				GCC_WARN_64_TO_32_BIT_CONVERSION = YES;
				GCC_WARN_ABOUT_RETURN_TYPE = YES_ERROR;
				GCC_WARN_UNDECLARED_SELECTOR = YES;
				GCC_WARN_UNINITIALIZED_AUTOS = YES_AGGRESSIVE;
				GCC_WARN_UNUSED_FUNCTION = YES;
				GCC_WARN_UNUSED_VARIABLE = YES;
				IPHONEOS_DEPLOYMENT_TARGET = 15.2;
				MTL_ENABLE_DEBUG_INFO = NO;
				MTL_FAST_MATH = YES;
				SDKROOT = iphoneos;
				SWIFT_COMPILATION_MODE = wholemodule;
				SWIFT_OPTIMIZATION_LEVEL = "-O";
				VALIDATE_PRODUCT = YES;
			};
			name = Release;
		};
		B37E156427AD8B4500FC8A79 /* Debug */ = {
			isa = XCBuildConfiguration;
			buildSettings = {
				ASSETCATALOG_COMPILER_APPICON_NAME = AppIcon;
				ASSETCATALOG_COMPILER_GLOBAL_ACCENT_COLOR_NAME = AccentColor;
				CODE_SIGN_STYLE = Automatic;
				CURRENT_PROJECT_VERSION = 1;
				GENERATE_INFOPLIST_FILE = YES;
				INFOPLIST_FILE = Prework1/Info.plist;
				INFOPLIST_KEY_UIApplicationSupportsIndirectInputEvents = YES;
				INFOPLIST_KEY_UILaunchStoryboardName = LaunchScreen;
				INFOPLIST_KEY_UIMainStoryboardFile = Main;
				INFOPLIST_KEY_UISupportedInterfaceOrientations_iPad = "UIInterfaceOrientationPortrait UIInterfaceOrientationPortraitUpsideDown UIInterfaceOrientationLandscapeLeft UIInterfaceOrientationLandscapeRight";
				INFOPLIST_KEY_UISupportedInterfaceOrientations_iPhone = "UIInterfaceOrientationPortrait UIInterfaceOrientationLandscapeLeft UIInterfaceOrientationLandscapeRight";
				LD_RUNPATH_SEARCH_PATHS = (
					"$(inherited)",
					"@executable_path/Frameworks",
				);
				MARKETING_VERSION = 1.0;
				PRODUCT_BUNDLE_IDENTIFIER = memo.com.Prework1;
				PRODUCT_NAME = "$(TARGET_NAME)";
				SWIFT_EMIT_LOC_STRINGS = YES;
				SWIFT_VERSION = 5.0;
				TARGETED_DEVICE_FAMILY = "1,2";
			};
			name = Debug;
		};
		B37E156527AD8B4500FC8A79 /* Release */ = {
			isa = XCBuildConfiguration;
			buildSettings = {
				ASSETCATALOG_COMPILER_APPICON_NAME = AppIcon;
				ASSETCATALOG_COMPILER_GLOBAL_ACCENT_COLOR_NAME = AccentColor;
				CODE_SIGN_STYLE = Automatic;
				CURRENT_PROJECT_VERSION = 1;
				GENERATE_INFOPLIST_FILE = YES;
				INFOPLIST_FILE = Prework1/Info.plist;
				INFOPLIST_KEY_UIApplicationSupportsIndirectInputEvents = YES;
				INFOPLIST_KEY_UILaunchStoryboardName = LaunchScreen;
				INFOPLIST_KEY_UIMainStoryboardFile = Main;
				INFOPLIST_KEY_UISupportedInterfaceOrientations_iPad = "UIInterfaceOrientationPortrait UIInterfaceOrientationPortraitUpsideDown UIInterfaceOrientationLandscapeLeft UIInterfaceOrientationLandscapeRight";
				INFOPLIST_KEY_UISupportedInterfaceOrientations_iPhone = "UIInterfaceOrientationPortrait UIInterfaceOrientationLandscapeLeft UIInterfaceOrientationLandscapeRight";
				LD_RUNPATH_SEARCH_PATHS = (
					"$(inherited)",
					"@executable_path/Frameworks",
				);
				MARKETING_VERSION = 1.0;
				PRODUCT_BUNDLE_IDENTIFIER = memo.com.Prework1;
				PRODUCT_NAME = "$(TARGET_NAME)";
				SWIFT_EMIT_LOC_STRINGS = YES;
				SWIFT_VERSION = 5.0;
				TARGETED_DEVICE_FAMILY = "1,2";
			};
			name = Release;
		};
		B37E156727AD8B4500FC8A79 /* Debug */ = {
			isa = XCBuildConfiguration;
			buildSettings = {
				ALWAYS_EMBED_SWIFT_STANDARD_LIBRARIES = YES;
				BUNDLE_LOADER = "$(TEST_HOST)";
				CODE_SIGN_STYLE = Automatic;
				CURRENT_PROJECT_VERSION = 1;
				GENERATE_INFOPLIST_FILE = YES;
				IPHONEOS_DEPLOYMENT_TARGET = 15.2;
				MARKETING_VERSION = 1.0;
				PRODUCT_BUNDLE_IDENTIFIER = memo.com.Prework1Tests;
				PRODUCT_NAME = "$(TARGET_NAME)";
				SWIFT_EMIT_LOC_STRINGS = NO;
				SWIFT_VERSION = 5.0;
				TARGETED_DEVICE_FAMILY = "1,2";
				TEST_HOST = "$(BUILT_PRODUCTS_DIR)/Prework1.app/Prework1";
			};
			name = Debug;
		};
		B37E156827AD8B4500FC8A79 /* Release */ = {
			isa = XCBuildConfiguration;
			buildSettings = {
				ALWAYS_EMBED_SWIFT_STANDARD_LIBRARIES = YES;
				BUNDLE_LOADER = "$(TEST_HOST)";
				CODE_SIGN_STYLE = Automatic;
				CURRENT_PROJECT_VERSION = 1;
				GENERATE_INFOPLIST_FILE = YES;
				IPHONEOS_DEPLOYMENT_TARGET = 15.2;
				MARKETING_VERSION = 1.0;
				PRODUCT_BUNDLE_IDENTIFIER = memo.com.Prework1Tests;
				PRODUCT_NAME = "$(TARGET_NAME)";
				SWIFT_EMIT_LOC_STRINGS = NO;
				SWIFT_VERSION = 5.0;
				TARGETED_DEVICE_FAMILY = "1,2";
				TEST_HOST = "$(BUILT_PRODUCTS_DIR)/Prework1.app/Prework1";
			};
			name = Release;
		};
		B37E156A27AD8B4500FC8A79 /* Debug */ = {
			isa = XCBuildConfiguration;
			buildSettings = {
				ALWAYS_EMBED_SWIFT_STANDARD_LIBRARIES = YES;
				CODE_SIGN_STYLE = Automatic;
				CURRENT_PROJECT_VERSION = 1;
				GENERATE_INFOPLIST_FILE = YES;
				MARKETING_VERSION = 1.0;
				PRODUCT_BUNDLE_IDENTIFIER = memo.com.Prework1UITests;
				PRODUCT_NAME = "$(TARGET_NAME)";
				SWIFT_EMIT_LOC_STRINGS = NO;
				SWIFT_VERSION = 5.0;
				TARGETED_DEVICE_FAMILY = "1,2";
				TEST_TARGET_NAME = Prework1;
			};
			name = Debug;
		};
		B37E156B27AD8B4500FC8A79 /* Release */ = {
			isa = XCBuildConfiguration;
			buildSettings = {
				ALWAYS_EMBED_SWIFT_STANDARD_LIBRARIES = YES;
				CODE_SIGN_STYLE = Automatic;
				CURRENT_PROJECT_VERSION = 1;
				GENERATE_INFOPLIST_FILE = YES;
				MARKETING_VERSION = 1.0;
				PRODUCT_BUNDLE_IDENTIFIER = memo.com.Prework1UITests;
				PRODUCT_NAME = "$(TARGET_NAME)";
				SWIFT_EMIT_LOC_STRINGS = NO;
				SWIFT_VERSION = 5.0;
				TARGETED_DEVICE_FAMILY = "1,2";
				TEST_TARGET_NAME = Prework1;
			};
			name = Release;
		};
/* End XCBuildConfiguration section */

/* Begin XCConfigurationList section */
		B37E153427AD8B4300FC8A79 /* Build configuration list for PBXProject "Prework1" */ = {
			isa = XCConfigurationList;
			buildConfigurations = (
				B37E156127AD8B4500FC8A79 /* Debug */,
				B37E156227AD8B4500FC8A79 /* Release */,
			);
			defaultConfigurationIsVisible = 0;
			defaultConfigurationName = Release;
		};
		B37E156327AD8B4500FC8A79 /* Build configuration list for PBXNativeTarget "Prework1" */ = {
			isa = XCConfigurationList;
			buildConfigurations = (
				B37E156427AD8B4500FC8A79 /* Debug */,
				B37E156527AD8B4500FC8A79 /* Release */,
			);
			defaultConfigurationIsVisible = 0;
			defaultConfigurationName = Release;
		};
		B37E156627AD8B4500FC8A79 /* Build configuration list for PBXNativeTarget "Prework1Tests" */ = {
			isa = XCConfigurationList;
			buildConfigurations = (
				B37E156727AD8B4500FC8A79 /* Debug */,
				B37E156827AD8B4500FC8A79 /* Release */,
			);
			defaultConfigurationIsVisible = 0;
			defaultConfigurationName = Release;
		};
		B37E156927AD8B4500FC8A79 /* Build configuration list for PBXNativeTarget "Prework1UITests" */ = {
			isa = XCConfigurationList;
			buildConfigurations = (
				B37E156A27AD8B4500FC8A79 /* Debug */,
				B37E156B27AD8B4500FC8A79 /* Release */,
			);
			defaultConfigurationIsVisible = 0;
			defaultConfigurationName = Release;
		};
/* End XCConfigurationList section */
	};
	rootObject = B37E153127AD8B4300FC8A79 /* Project object */;
}
